{
  "object": {
    "pins": [
      {
        "package": "MaterialForm",
        "repositoryURL": "https://github.com/GirAppe/MaterialForm.git",
        "state": {
          "branch": null,
          "revision": "273e8fddcf5261ff3295cdb6de93c7f797027260",
          "version": "0.0.2"
        }
      }
    ]
  },
  "version": 1
}
