{
  "object": {
    "pins": [
      {
        "package": "MaterialForm",
        "repositoryURL": "https://github.com/GirAppe/MaterialForm.git",
        "state": {
          "branch": null,
          "revision": "4653f08d10ab81223fede2258b58b1f2089ef367",
          "version": "0.9.6"
        }
      }
    ]
  },
  "version": 1
}
