{
  "object": {
    "pins": [
      {
        "package": "MaterialForm",
        "repositoryURL": "git@github.com:amichnia/MaterialForm.git",
        "state": {
          "branch": "master",
          "revision": "bb10248b6f2ae1738aa9697297b46287342a59ef",
          "version": null
        }
      }
    ]
  },
  "version": 1
}
